# This file is automatically @generated by Poetry 1.8.3 and should not be changed by hand.

[[package]]
name = "gostcrypto"
version = "1.2.5"
description = "GOST cryptographic functions"
optional = false
python-versions = "*"
files = [
    {file = "gostcrypto-1.2.5-py3-none-any.whl", hash = "sha256:5cfc8b4c33d2a110fea0cfcb693b4a5f2b021004b9cf8d6bba8b78aab23d2001"},
    {file = "gostcrypto-1.2.5.tar.gz", hash = "sha256:1e69b5c89d22435e690307470d8f561fcc10d5edecb847b90eb572038c2b6c2e"},
]

[metadata]
lock-version = "2.0"
python-versions = "^3.10"
content-hash = "ce94c52bb56df5b311f6cf6a2dde64a1be8b4d89093ff9f96026b0e2450bf760"
